
Microsoft Visual Studio Solution File, Format Version 12.00
# Visual Studio Version 16
VisualStudioVersion = 16.0.30804.86
MinimumVisualStudioVersion = 10.0.40219.1
Project("{2150E333-8FDC-42A3-9474-1A3956D46DE8}") = "Tests", "Tests", "{D4B5A2FA-1365-4715-9CF2-7AA8668848BB}"
EndProject
Project("{2150E333-8FDC-42A3-9474-1A3956D46DE8}") = "Solution Items", "Solution Items", "{DC0D3B24-BE32-4B89-8839-6AEC465CEDB3}"
	ProjectSection(SolutionItems) = preProject
		.github\workflows\build-all-branches.yml = .github\workflows\build-all-branches.yml
		BuildNugetPackage.ps1 = BuildNugetPackage.ps1
		License.txt = License.txt
		.github\workflows\only-publish-master.yml = .github\workflows\only-publish-master.yml
		PseudoRandom.md = PseudoRandom.md
		README.md = README.md
		Release.md = Release.md
		VacheTache.FileSystem.FileSystemHelper.md = VacheTache.FileSystem.FileSystemHelper.md
		VacheTache.md = VacheTache.md
	EndProjectSection
EndProject
Project("{9A19103F-16F7-4668-BE54-9A1E7A4F7556}") = "VacheTacheLibrary", "VacheTacheLibrary\VacheTacheLibrary.csproj", "{57E930DF-9C33-45B4-8116-31FEA62EB943}"
EndProject
Project("{9A19103F-16F7-4668-BE54-9A1E7A4F7556}") = "VacheTacheLibraryTest", "Tests\VacheTacheLibraryTest\VacheTacheLibraryTest.csproj", "{3EC3D437-524E-4A5C-9E2F-B4645D723C6E}"
EndProject
Project("{9A19103F-16F7-4668-BE54-9A1E7A4F7556}") = "FileSystemHelperTest", "FileSystemHelperTest\FileSystemHelperTest.csproj", "{BBAFEB86-6753-4C8A-90E8-7F5F91FDE3CA}"
EndProject
Project("{9A19103F-16F7-4668-BE54-9A1E7A4F7556}") = "VacheTacheLibrary.FileSystem", "VacheTacheLibrary.FileSystem\VacheTacheLibrary.FileSystem.csproj", "{B760D503-FFFB-4CF3-9BB0-0941F46C0796}"
EndProject
Global
	GlobalSection(SolutionConfigurationPlatforms) = preSolution
		Debug|Any CPU = Debug|Any CPU
		Release|Any CPU = Release|Any CPU
	EndGlobalSection
	GlobalSection(ProjectConfigurationPlatforms) = postSolution
		{57E930DF-9C33-45B4-8116-31FEA62EB943}.Debug|Any CPU.ActiveCfg = Debug|Any CPU
		{57E930DF-9C33-45B4-8116-31FEA62EB943}.Debug|Any CPU.Build.0 = Debug|Any CPU
		{57E930DF-9C33-45B4-8116-31FEA62EB943}.Release|Any CPU.ActiveCfg = Release|Any CPU
		{57E930DF-9C33-45B4-8116-31FEA62EB943}.Release|Any CPU.Build.0 = Release|Any CPU
		{3EC3D437-524E-4A5C-9E2F-B4645D723C6E}.Debug|Any CPU.ActiveCfg = Debug|Any CPU
		{3EC3D437-524E-4A5C-9E2F-B4645D723C6E}.Debug|Any CPU.Build.0 = Debug|Any CPU
		{3EC3D437-524E-4A5C-9E2F-B4645D723C6E}.Release|Any CPU.ActiveCfg = Release|Any CPU
		{3EC3D437-524E-4A5C-9E2F-B4645D723C6E}.Release|Any CPU.Build.0 = Release|Any CPU
		{BBAFEB86-6753-4C8A-90E8-7F5F91FDE3CA}.Debug|Any CPU.ActiveCfg = Debug|Any CPU
		{BBAFEB86-6753-4C8A-90E8-7F5F91FDE3CA}.Debug|Any CPU.Build.0 = Debug|Any CPU
		{BBAFEB86-6753-4C8A-90E8-7F5F91FDE3CA}.Release|Any CPU.ActiveCfg = Release|Any CPU
		{BBAFEB86-6753-4C8A-90E8-7F5F91FDE3CA}.Release|Any CPU.Build.0 = Release|Any CPU
		{B760D503-FFFB-4CF3-9BB0-0941F46C0796}.Debug|Any CPU.ActiveCfg = Debug|Any CPU
		{B760D503-FFFB-4CF3-9BB0-0941F46C0796}.Debug|Any CPU.Build.0 = Debug|Any CPU
		{B760D503-FFFB-4CF3-9BB0-0941F46C0796}.Release|Any CPU.ActiveCfg = Release|Any CPU
		{B760D503-FFFB-4CF3-9BB0-0941F46C0796}.Release|Any CPU.Build.0 = Release|Any CPU
	EndGlobalSection
	GlobalSection(SolutionProperties) = preSolution
		HideSolutionNode = FALSE
	EndGlobalSection
	GlobalSection(NestedProjects) = preSolution
		{3EC3D437-524E-4A5C-9E2F-B4645D723C6E} = {D4B5A2FA-1365-4715-9CF2-7AA8668848BB}
		{BBAFEB86-6753-4C8A-90E8-7F5F91FDE3CA} = {D4B5A2FA-1365-4715-9CF2-7AA8668848BB}
	EndGlobalSection
	GlobalSection(ExtensibilityGlobals) = postSolution
		SolutionGuid = {7DC2B9A0-C7FA-43F8-86F9-870810D778FE}
	EndGlobalSection
EndGlobal
